
Microsoft Visual Studio Solution File, Format Version 12.00
# Visual Studio 15
VisualStudioVersion = 15.0.26124.0
MinimumVisualStudioVersion = 15.0.26124.0
Project("{9A19103F-16F7-4668-BE54-9A1E7A4F7556}") = "Project", "Project\Project.csproj", "{1455EDA7-573B-43F6-9DFA-B8C9B38E3058}"
EndProject
Project("{FAE04EC0-301F-11D3-BF4B-00C04F79EFBC}") = "Project.Tests", "Project.Tests\Project.Tests.csproj", "{DB652AF4-5EB9-4625-BB8F-CDABBB4B5D0C}"
EndProject
Global
	GlobalSection(SolutionConfigurationPlatforms) = preSolution
		Debug|Any CPU = Debug|Any CPU
		Debug|x64 = Debug|x64
		Debug|x86 = Debug|x86
		Release|Any CPU = Release|Any CPU
		Release|x64 = Release|x64
		Release|x86 = Release|x86
	EndGlobalSection
	GlobalSection(ProjectConfigurationPlatforms) = postSolution
		{1455EDA7-573B-43F6-9DFA-B8C9B38E3058}.Debug|Any CPU.ActiveCfg = Debug|Any CPU
		{1455EDA7-573B-43F6-9DFA-B8C9B38E3058}.Debug|Any CPU.Build.0 = Debug|Any CPU
		{1455EDA7-573B-43F6-9DFA-B8C9B38E3058}.Debug|x64.ActiveCfg = Debug|Any CPU
		{1455EDA7-573B-43F6-9DFA-B8C9B38E3058}.Debug|x64.Build.0 = Debug|Any CPU
		{1455EDA7-573B-43F6-9DFA-B8C9B38E3058}.Debug|x86.ActiveCfg = Debug|Any CPU
		{1455EDA7-573B-43F6-9DFA-B8C9B38E3058}.Debug|x86.Build.0 = Debug|Any CPU
		{1455EDA7-573B-43F6-9DFA-B8C9B38E3058}.Release|Any CPU.ActiveCfg = Release|Any CPU
		{1455EDA7-573B-43F6-9DFA-B8C9B38E3058}.Release|Any CPU.Build.0 = Release|Any CPU
		{1455EDA7-573B-43F6-9DFA-B8C9B38E3058}.Release|x64.ActiveCfg = Release|Any CPU
		{1455EDA7-573B-43F6-9DFA-B8C9B38E3058}.Release|x64.Build.0 = Release|Any CPU
		{1455EDA7-573B-43F6-9DFA-B8C9B38E3058}.Release|x86.ActiveCfg = Release|Any CPU
		{1455EDA7-573B-43F6-9DFA-B8C9B38E3058}.Release|x86.Build.0 = Release|Any CPU
		{DB652AF4-5EB9-4625-BB8F-CDABBB4B5D0C}.Debug|Any CPU.ActiveCfg = Debug|Any CPU
		{DB652AF4-5EB9-4625-BB8F-CDABBB4B5D0C}.Debug|Any CPU.Build.0 = Debug|Any CPU
		{DB652AF4-5EB9-4625-BB8F-CDABBB4B5D0C}.Debug|x64.ActiveCfg = Debug|Any CPU
		{DB652AF4-5EB9-4625-BB8F-CDABBB4B5D0C}.Debug|x64.Build.0 = Debug|Any CPU
		{DB652AF4-5EB9-4625-BB8F-CDABBB4B5D0C}.Debug|x86.ActiveCfg = Debug|Any CPU
		{DB652AF4-5EB9-4625-BB8F-CDABBB4B5D0C}.Debug|x86.Build.0 = Debug|Any CPU
		{DB652AF4-5EB9-4625-BB8F-CDABBB4B5D0C}.Release|Any CPU.ActiveCfg = Release|Any CPU
		{DB652AF4-5EB9-4625-BB8F-CDABBB4B5D0C}.Release|Any CPU.Build.0 = Release|Any CPU
		{DB652AF4-5EB9-4625-BB8F-CDABBB4B5D0C}.Release|x64.ActiveCfg = Release|Any CPU
		{DB652AF4-5EB9-4625-BB8F-CDABBB4B5D0C}.Release|x64.Build.0 = Release|Any CPU
		{DB652AF4-5EB9-4625-BB8F-CDABBB4B5D0C}.Release|x86.ActiveCfg = Release|Any CPU
		{DB652AF4-5EB9-4625-BB8F-CDABBB4B5D0C}.Release|x86.Build.0 = Release|Any CPU
	EndGlobalSection
	GlobalSection(SolutionProperties) = preSolution
		HideSolutionNode = FALSE
	EndGlobalSection
	GlobalSection(ExtensibilityGlobals) = postSolution
		SolutionGuid = {97326CE1-FE68-4A9A-B9EC-34E63EF43B45}
	EndGlobalSection
EndGlobal
